
Microsoft Visual Studio Solution File, Format Version 12.00
# Visual Studio 2012
Project("{FAE04EC0-301F-11D3-BF4B-00C04F79EFBC}") = "Game Database", "Game Database\Game Database.csproj", "{ECE07EF6-321C-4945-B88F-67F6D3C04891}"
EndProject
Global
	GlobalSection(SolutionConfigurationPlatforms) = preSolution
		Debug|Any CPU = Debug|Any CPU
		Release|Any CPU = Release|Any CPU
	EndGlobalSection
	GlobalSection(ProjectConfigurationPlatforms) = postSolution
		{ECE07EF6-321C-4945-B88F-67F6D3C04891}.Debug|Any CPU.ActiveCfg = Debug|Any CPU
		{ECE07EF6-321C-4945-B88F-67F6D3C04891}.Debug|Any CPU.Build.0 = Debug|Any CPU
		{ECE07EF6-321C-4945-B88F-67F6D3C04891}.Release|Any CPU.ActiveCfg = Release|Any CPU
		{ECE07EF6-321C-4945-B88F-67F6D3C04891}.Release|Any CPU.Build.0 = Release|Any CPU
	EndGlobalSection
	GlobalSection(SolutionProperties) = preSolution
		HideSolutionNode = FALSE
	EndGlobalSection
EndGlobal
